<?xml version="1.0" encoding="utf-8"?>
<Project ToolsVersion="4.0" xmlns="http://schemas.microsoft.com/developer/msbuild/2003">
  <ItemGroup>
    <Filter Include="Source Files">
      <UniqueIdentifier>{4FC737F1-C7A5-4376-A066-2A32D752A2FF}</UniqueIdentifier>
      <Extensions>cpp;c;cc;cxx;def;odl;idl;hpj;bat;asm;asmx</Extensions>
    </Filter>
    <Filter Include="Header Files">
      <UniqueIdentifier>{93995380-89BD-4b04-88EB-625FBE52EBFB}</UniqueIdentifier>
      <Extensions>h;hh;hpp;hxx;hm;inl;inc;ipp;xsd</Extensions>
    </Filter>
    <Filter Include="Resource Files">
      <UniqueIdentifier>{67DA6AB6-F800-4c08-8B7A-83BB121AAD01}</UniqueIdentifier>
      <Extensions>rc;ico;cur;bmp;dlg;rc2;rct;bin;rgs;gif;jpg;jpeg;jpe;resx;tiff;tif;png;wav;mfcribbon-ms</Extensions>
    </Filter>
    <Filter Include="GameUtilities">
      <UniqueIdentifier>{8fd8bf5b-f71a-44db-8d4a-8af63e4593bd}</UniqueIdentifier>
    </Filter>
    <Filter Include="GameObj">
      <UniqueIdentifier>{bc9e683c-501f-4e50-b8ee-02b3c90fe111}</UniqueIdentifier>
    </Filter>
    <Filter Include="GameObj\interactable">
      <UniqueIdentifier>{994d6135-ca35-4dcd-b7a6-4c25d3b39d3a}</UniqueIdentifier>
    </Filter>
    <Filter Include="GameUI">
      <UniqueIdentifier>{fd4910da-1bfc-4dac-94df-1e96ecf03a6d}</UniqueIdentifier>
    </Filter>
    <Filter Include="Puzzles">
      <UniqueIdentifier>{cd468cde-2ce0-4280-9e42-e6d9b2cb2f91}</UniqueIdentifier>
    </Filter>
    <Filter Include="GameWindows">
      <UniqueIdentifier>{700d0d09-c3ae-49ee-9c65-0ac20f59e47e}</UniqueIdentifier>
    </Filter>
  </ItemGroup>
  <ItemGroup>
    <ClInclude Include="DrawableObject.h">
      <Filter>Header Files</Filter>
    </ClInclude>
    <ClInclude Include="Game.h">
      <Filter>Header Files</Filter>
    </ClInclude>
    <ClInclude Include="GameObject.h">
      <Filter>Header Files</Filter>
    </ClInclude>
    <ClInclude Include="GLRenderer.h">
      <Filter>Header Files</Filter>
    </ClInclude>
    <ClInclude Include="ImageObject.h">
      <Filter>Header Files</Filter>
    </ClInclude>
    <ClInclude Include="MeshVbo.h">
      <Filter>Header Files</Filter>
    </ClInclude>
    <ClInclude Include="pch.h">
      <Filter>Header Files</Filter>
    </ClInclude>
    <ClInclude Include="Shader.h">
      <Filter>Header Files</Filter>
    </ClInclude>
    <ClInclude Include="SquareMeshVbo.h">
      <Filter>Header Files</Filter>
    </ClInclude>
    <ClInclude Include="TriangleMeshVbo.h">
      <Filter>Header Files</Filter>
    </ClInclude>
    <ClInclude Include="GameUtilities.h">
      <Filter>GameUtilities</Filter>
    </ClInclude>
    <ClInclude Include="Player.h">
      <Filter>GameObj</Filter>
    </ClInclude>
    <ClInclude Include="InteractObj.h">
      <Filter>GameObj\interactable</Filter>
    </ClInclude>
    <ClInclude Include="Item.h">
      <Filter>GameObj\interactable</Filter>
    </ClInclude>
    <ClInclude Include="Animator.h">
      <Filter>GameUtilities</Filter>
    </ClInclude>
    <ClInclude Include="Animation.h">
      <Filter>GameUtilities</Filter>
    </ClInclude>
    <ClInclude Include="InfoPhone.h">
      <Filter>GameObj\interactable</Filter>
    </ClInclude>
    <ClInclude Include="Inventory.h">
      <Filter>GameUI</Filter>
    </ClInclude>
    <ClInclude Include="UIObject.h">
      <Filter>GameUI</Filter>
    </ClInclude>
    <ClInclude Include="SoundManager.h">
      <Filter>GameUtilities</Filter>
    </ClInclude>
    <ClInclude Include="Collider.h">
      <Filter>GameUtilities</Filter>
    </ClInclude>
    <ClInclude Include="TextObject.h">
      <Filter>Header Files</Filter>
    </ClInclude>
    <ClInclude Include="..\resource\pugixml-1.10\src\pugiconfig.hpp">
      <Filter>Resource Files</Filter>
    </ClInclude>
    <ClInclude Include="..\resource\pugixml-1.10\src\pugixml.hpp">
      <Filter>Resource Files</Filter>
    </ClInclude>
    <ClInclude Include="TimeSystem.h">
      <Filter>GameUtilities</Filter>
    </ClInclude>
    <ClInclude Include="Button.h">
      <Filter>GameUI</Filter>
    </ClInclude>
    <ClInclude Include="Cursor.h">
      <Filter>GameUI</Filter>
    </ClInclude>
    <ClInclude Include="Camera.h">
      <Filter>GameUtilities</Filter>
    </ClInclude>
    <ClInclude Include="Screen.h">
      <Filter>GameUtilities</Filter>
    </ClInclude>
    <ClInclude Include="Level.h">
      <Filter>GameUtilities</Filter>
    </ClInclude>
    <ClInclude Include="TextBox.h">
      <Filter>GameUI</Filter>
    </ClInclude>
    <ClInclude Include="MouseInput.h">
      <Filter>GameUtilities</Filter>
    </ClInclude>
    <ClInclude Include="XMLManager.h">
      <Filter>Header Files</Filter>
    </ClInclude>
    <ClInclude Include="InventoryBox.h">
      <Filter>GameUI</Filter>
    </ClInclude>
    <ClInclude Include="Puzzles.h">
      <Filter>Puzzles</Filter>
    </ClInclude>
    <ClInclude Include="GameWindows.h">
      <Filter>GameWindows</Filter>
    </ClInclude>
    <ClInclude Include="ScriptManager.h">
      <Filter>GameUtilities</Filter>
    </ClInclude>
  </ItemGroup>
  <ItemGroup>
    <ClCompile Include="DrawableObject.cpp">
      <Filter>Source Files</Filter>
    </ClCompile>
    <ClCompile Include="Game.cpp">
      <Filter>Source Files</Filter>
    </ClCompile>
    <ClCompile Include="GameObject.cpp">
      <Filter>Source Files</Filter>
    </ClCompile>
    <ClCompile Include="GLRenderer.cpp">
      <Filter>Source Files</Filter>
    </ClCompile>
    <ClCompile Include="ImageObject.cpp">
      <Filter>Source Files</Filter>
    </ClCompile>
    <ClCompile Include="Main.cpp">
      <Filter>Source Files</Filter>
    </ClCompile>
    <ClCompile Include="MeshVbo.cpp">
      <Filter>Source Files</Filter>
    </ClCompile>
    <ClCompile Include="pch.cpp">
      <Filter>Source Files</Filter>
    </ClCompile>
    <ClCompile Include="Shader.cpp">
      <Filter>Source Files</Filter>
    </ClCompile>
    <ClCompile Include="SquareMeshVbo.cpp">
      <Filter>Source Files</Filter>
    </ClCompile>
    <ClCompile Include="TriangleMeshVbo.cpp">
      <Filter>Source Files</Filter>
    </ClCompile>
    <ClCompile Include="Utilities.cpp">
      <Filter>GameUtilities</Filter>
    </ClCompile>
    <ClCompile Include="Player.cpp">
      <Filter>GameObj</Filter>
    </ClCompile>
    <ClCompile Include="Inventory.cpp">
      <Filter>GameUI</Filter>
    </ClCompile>
    <ClCompile Include="InventoryBox.cpp">
      <Filter>GameUI</Filter>
    </ClCompile>
    <ClCompile Include="Collider.cpp">
      <Filter>GameUtilities</Filter>
    </ClCompile>
    <ClCompile Include="Item.cpp">
      <Filter>GameObj\interactable</Filter>
    </ClCompile>
    <ClCompile Include="TextObject.cpp">
      <Filter>Source Files</Filter>
    </ClCompile>
    <ClCompile Include="..\resource\pugixml-1.10\src\pugixml.cpp">
      <Filter>Source Files</Filter>
    </ClCompile>
    <ClCompile Include="Animation.cpp">
      <Filter>GameUtilities</Filter>
    </ClCompile>
    <ClCompile Include="Animator.cpp">
      <Filter>GameUtilities</Filter>
    </ClCompile>
    <ClCompile Include="TimeSystem.cpp">
      <Filter>GameUtilities</Filter>
    </ClCompile>
    <ClCompile Include="InteractObj.cpp">
      <Filter>GameObj\interactable</Filter>
    </ClCompile>
    <ClCompile Include="Button.cpp">
      <Filter>GameUI</Filter>
    </ClCompile>
    <ClCompile Include="Cursor.cpp">
      <Filter>GameUI</Filter>
    </ClCompile>
    <ClCompile Include="Camera.cpp">
      <Filter>GameUtilities</Filter>
    </ClCompile>
    <ClCompile Include="Door.cpp">
      <Filter>GameObj\interactable</Filter>
    </ClCompile>
    <ClCompile Include="UIObject.cpp">
      <Filter>GameUI</Filter>
    </ClCompile>
    <ClCompile Include="Screen.cpp">
      <Filter>GameUtilities</Filter>
    </ClCompile>
    <ClCompile Include="Level.cpp">
      <Filter>GameUtilities</Filter>
    </ClCompile>
    <ClCompile Include="InfoPhone.cpp">
      <Filter>GameObj\interactable</Filter>
    </ClCompile>
    <ClCompile Include="SoundManager.cpp">
      <Filter>GameUtilities</Filter>
    </ClCompile>
    <ClCompile Include="TextBox.cpp">
      <Filter>GameUI</Filter>
    </ClCompile>
    <ClCompile Include="MouseInput.cpp">
      <Filter>GameUtilities</Filter>
    </ClCompile>
    <ClCompile Include="XMLManager.cpp">
      <Filter>Source Files</Filter>
    </ClCompile>
    <ClCompile Include="BookshelfPuzzle.cpp">
      <Filter>Puzzles</Filter>
    </ClCompile>
    <ClCompile Include="GameViewWindow.cpp">
      <Filter>GameWindows</Filter>
    </ClCompile>
    <ClCompile Include="SaveLoadWindow.cpp">
      <Filter>GameWindows</Filter>
    </ClCompile>
    <ClCompile Include="ScriptManager.cpp">
      <Filter>GameUtilities</Filter>
    </ClCompile>
    <ClCompile Include="PauseWindow.cpp">
      <Filter>GameWindows</Filter>
    </ClCompile>
    <ClCompile Include="SettingWindow.cpp">
      <Filter>GameWindows</Filter>
    </ClCompile>
    <ClCompile Include="NumpadPuzzle.cpp">
      <Filter>Puzzles</Filter>
    </ClCompile>
  </ItemGroup>
  <ItemGroup>
    <None Include="Shader\fragment.shd">
      <Filter>Resource Files</Filter>
    </None>
    <None Include="Shader\vertext.shd">
      <Filter>Resource Files</Filter>
    </None>
  </ItemGroup>
</Project>