
Microsoft Visual Studio Solution File, Format Version 12.00
# Visual Studio 15
VisualStudioVersion = 15.0.28307.271
MinimumVisualStudioVersion = 10.0.40219.1
Project("{8BC9CEB8-8B4A-11D0-8D11-00A0C91BC942}") = "Enginent", "Enginent\Enginent.vcxproj", "{9258B26B-6459-4BD6-A25A-BE41EFE3F48E}"
EndProject
Global
	GlobalSection(SolutionConfigurationPlatforms) = preSolution
		Debug|x64 = Debug|x64
		Debug|x86 = Debug|x86
		Release|x64 = Release|x64
		Release|x86 = Release|x86
	EndGlobalSection
	GlobalSection(ProjectConfigurationPlatforms) = postSolution
		{9258B26B-6459-4BD6-A25A-BE41EFE3F48E}.Debug|x64.ActiveCfg = Debug|x64
		{9258B26B-6459-4BD6-A25A-BE41EFE3F48E}.Debug|x64.Build.0 = Debug|x64
		{9258B26B-6459-4BD6-A25A-BE41EFE3F48E}.Debug|x86.ActiveCfg = Debug|Win32
		{9258B26B-6459-4BD6-A25A-BE41EFE3F48E}.Debug|x86.Build.0 = Debug|Win32
		{9258B26B-6459-4BD6-A25A-BE41EFE3F48E}.Release|x64.ActiveCfg = Release|x64
		{9258B26B-6459-4BD6-A25A-BE41EFE3F48E}.Release|x64.Build.0 = Release|x64
		{9258B26B-6459-4BD6-A25A-BE41EFE3F48E}.Release|x86.ActiveCfg = Release|Win32
		{9258B26B-6459-4BD6-A25A-BE41EFE3F48E}.Release|x86.Build.0 = Release|Win32
	EndGlobalSection
	GlobalSection(SolutionProperties) = preSolution
		HideSolutionNode = FALSE
	EndGlobalSection
	GlobalSection(ExtensibilityGlobals) = postSolution
		SolutionGuid = {E80ED3A0-90C3-40F0-975D-6F91091E2109}
	EndGlobalSection
EndGlobal
